
Microsoft Visual Studio Solution File, Format Version 12.00
# Visual Studio Version 17
VisualStudioVersion = 17.0.31903.59
MinimumVisualStudioVersion = 10.0.40219.1
Project("{FAE04EC0-301F-11D3-BF4B-00C04F79EFBC}") = "SmartQueue.Api", "SmartQueue.Api\SmartQueue.Api.csproj", "{6DFA4067-3CF6-4C2B-A0B0-36EE2E94ADA7}"
EndProject
Project("{2150E333-8FDC-42A3-9474-1A3956D46DE8}") = "Modules", "Modules", "{CA253913-39DE-BFD0-C9A3-4B7EC6FBDF17}"
EndProject
Project("{FAE04EC0-301F-11D3-BF4B-00C04F79EFBC}") = "Booking", "Modules\Booking\Booking.csproj", "{C6311A46-D481-43D2-8D34-19194B95BF33}"
EndProject
Project("{FAE04EC0-301F-11D3-BF4B-00C04F79EFBC}") = "Auth", "Modules\Auth\Auth.csproj", "{6171C5A0-70CD-4BA8-A051-6D72EB042527}"
EndProject
Project("{FAE04EC0-301F-11D3-BF4B-00C04F79EFBC}") = "Business", "Modules\Business\Business.csproj", "{C380688E-B322-4EB7-9C76-8DE0DADBABCC}"
EndProject
Project("{FAE04EC0-301F-11D3-BF4B-00C04F79EFBC}") = "Queue", "Modules\Queue\Queue.csproj", "{86318DE4-D25D-499C-8FAB-3B6234CCD5D2}"
EndProject
Project("{FAE04EC0-301F-11D3-BF4B-00C04F79EFBC}") = "Notification", "Modules\Notification\Notification.csproj", "{140A1E2B-83FA-4162-A983-963B912F4FC5}"
EndProject
Global
	GlobalSection(SolutionConfigurationPlatforms) = preSolution
		Debug|Any CPU = Debug|Any CPU
		Debug|x64 = Debug|x64
		Debug|x86 = Debug|x86
		Release|Any CPU = Release|Any CPU
		Release|x64 = Release|x64
		Release|x86 = Release|x86
	EndGlobalSection
	GlobalSection(ProjectConfigurationPlatforms) = postSolution
		{6DFA4067-3CF6-4C2B-A0B0-36EE2E94ADA7}.Debug|Any CPU.ActiveCfg = Debug|Any CPU
		{6DFA4067-3CF6-4C2B-A0B0-36EE2E94ADA7}.Debug|Any CPU.Build.0 = Debug|Any CPU
		{6DFA4067-3CF6-4C2B-A0B0-36EE2E94ADA7}.Debug|x64.ActiveCfg = Debug|Any CPU
		{6DFA4067-3CF6-4C2B-A0B0-36EE2E94ADA7}.Debug|x64.Build.0 = Debug|Any CPU
		{6DFA4067-3CF6-4C2B-A0B0-36EE2E94ADA7}.Debug|x86.ActiveCfg = Debug|Any CPU
		{6DFA4067-3CF6-4C2B-A0B0-36EE2E94ADA7}.Debug|x86.Build.0 = Debug|Any CPU
		{6DFA4067-3CF6-4C2B-A0B0-36EE2E94ADA7}.Release|Any CPU.ActiveCfg = Release|Any CPU
		{6DFA4067-3CF6-4C2B-A0B0-36EE2E94ADA7}.Release|Any CPU.Build.0 = Release|Any CPU
		{6DFA4067-3CF6-4C2B-A0B0-36EE2E94ADA7}.Release|x64.ActiveCfg = Release|Any CPU
		{6DFA4067-3CF6-4C2B-A0B0-36EE2E94ADA7}.Release|x64.Build.0 = Release|Any CPU
		{6DFA4067-3CF6-4C2B-A0B0-36EE2E94ADA7}.Release|x86.ActiveCfg = Release|Any CPU
		{6DFA4067-3CF6-4C2B-A0B0-36EE2E94ADA7}.Release|x86.Build.0 = Release|Any CPU
		{C6311A46-D481-43D2-8D34-19194B95BF33}.Debug|Any CPU.ActiveCfg = Debug|Any CPU
		{C6311A46-D481-43D2-8D34-19194B95BF33}.Debug|Any CPU.Build.0 = Debug|Any CPU
		{C6311A46-D481-43D2-8D34-19194B95BF33}.Debug|x64.ActiveCfg = Debug|Any CPU
		{C6311A46-D481-43D2-8D34-19194B95BF33}.Debug|x64.Build.0 = Debug|Any CPU
		{C6311A46-D481-43D2-8D34-19194B95BF33}.Debug|x86.ActiveCfg = Debug|Any CPU
		{C6311A46-D481-43D2-8D34-19194B95BF33}.Debug|x86.Build.0 = Debug|Any CPU
		{C6311A46-D481-43D2-8D34-19194B95BF33}.Release|Any CPU.ActiveCfg = Release|Any CPU
		{C6311A46-D481-43D2-8D34-19194B95BF33}.Release|Any CPU.Build.0 = Release|Any CPU
		{C6311A46-D481-43D2-8D34-19194B95BF33}.Release|x64.ActiveCfg = Release|Any CPU
		{C6311A46-D481-43D2-8D34-19194B95BF33}.Release|x64.Build.0 = Release|Any CPU
		{C6311A46-D481-43D2-8D34-19194B95BF33}.Release|x86.ActiveCfg = Release|Any CPU
		{C6311A46-D481-43D2-8D34-19194B95BF33}.Release|x86.Build.0 = Release|Any CPU
		{6171C5A0-70CD-4BA8-A051-6D72EB042527}.Debug|Any CPU.ActiveCfg = Debug|Any CPU
		{6171C5A0-70CD-4BA8-A051-6D72EB042527}.Debug|Any CPU.Build.0 = Debug|Any CPU
		{6171C5A0-70CD-4BA8-A051-6D72EB042527}.Debug|x64.ActiveCfg = Debug|Any CPU
		{6171C5A0-70CD-4BA8-A051-6D72EB042527}.Debug|x64.Build.0 = Debug|Any CPU
		{6171C5A0-70CD-4BA8-A051-6D72EB042527}.Debug|x86.ActiveCfg = Debug|Any CPU
		{6171C5A0-70CD-4BA8-A051-6D72EB042527}.Debug|x86.Build.0 = Debug|Any CPU
		{6171C5A0-70CD-4BA8-A051-6D72EB042527}.Release|Any CPU.ActiveCfg = Release|Any CPU
		{6171C5A0-70CD-4BA8-A051-6D72EB042527}.Release|Any CPU.Build.0 = Release|Any CPU
		{6171C5A0-70CD-4BA8-A051-6D72EB042527}.Release|x64.ActiveCfg = Release|Any CPU
		{6171C5A0-70CD-4BA8-A051-6D72EB042527}.Release|x64.Build.0 = Release|Any CPU
		{6171C5A0-70CD-4BA8-A051-6D72EB042527}.Release|x86.ActiveCfg = Release|Any CPU
		{6171C5A0-70CD-4BA8-A051-6D72EB042527}.Release|x86.Build.0 = Release|Any CPU
		{C380688E-B322-4EB7-9C76-8DE0DADBABCC}.Debug|Any CPU.ActiveCfg = Debug|Any CPU
		{C380688E-B322-4EB7-9C76-8DE0DADBABCC}.Debug|Any CPU.Build.0 = Debug|Any CPU
		{C380688E-B322-4EB7-9C76-8DE0DADBABCC}.Debug|x64.ActiveCfg = Debug|Any CPU
		{C380688E-B322-4EB7-9C76-8DE0DADBABCC}.Debug|x64.Build.0 = Debug|Any CPU
		{C380688E-B322-4EB7-9C76-8DE0DADBABCC}.Debug|x86.ActiveCfg = Debug|Any CPU
		{C380688E-B322-4EB7-9C76-8DE0DADBABCC}.Debug|x86.Build.0 = Debug|Any CPU
		{C380688E-B322-4EB7-9C76-8DE0DADBABCC}.Release|Any CPU.ActiveCfg = Release|Any CPU
		{C380688E-B322-4EB7-9C76-8DE0DADBABCC}.Release|Any CPU.Build.0 = Release|Any CPU
		{C380688E-B322-4EB7-9C76-8DE0DADBABCC}.Release|x64.ActiveCfg = Release|Any CPU
		{C380688E-B322-4EB7-9C76-8DE0DADBABCC}.Release|x64.Build.0 = Release|Any CPU
		{C380688E-B322-4EB7-9C76-8DE0DADBABCC}.Release|x86.ActiveCfg = Release|Any CPU
		{C380688E-B322-4EB7-9C76-8DE0DADBABCC}.Release|x86.Build.0 = Release|Any CPU
		{86318DE4-D25D-499C-8FAB-3B6234CCD5D2}.Debug|Any CPU.ActiveCfg = Debug|Any CPU
		{86318DE4-D25D-499C-8FAB-3B6234CCD5D2}.Debug|Any CPU.Build.0 = Debug|Any CPU
		{86318DE4-D25D-499C-8FAB-3B6234CCD5D2}.Debug|x64.ActiveCfg = Debug|Any CPU
		{86318DE4-D25D-499C-8FAB-3B6234CCD5D2}.Debug|x64.Build.0 = Debug|Any CPU
		{86318DE4-D25D-499C-8FAB-3B6234CCD5D2}.Debug|x86.ActiveCfg = Debug|Any CPU
		{86318DE4-D25D-499C-8FAB-3B6234CCD5D2}.Debug|x86.Build.0 = Debug|Any CPU
		{86318DE4-D25D-499C-8FAB-3B6234CCD5D2}.Release|Any CPU.ActiveCfg = Release|Any CPU
		{86318DE4-D25D-499C-8FAB-3B6234CCD5D2}.Release|Any CPU.Build.0 = Release|Any CPU
		{86318DE4-D25D-499C-8FAB-3B6234CCD5D2}.Release|x64.ActiveCfg = Release|Any CPU
		{86318DE4-D25D-499C-8FAB-3B6234CCD5D2}.Release|x64.Build.0 = Release|Any CPU
		{86318DE4-D25D-499C-8FAB-3B6234CCD5D2}.Release|x86.ActiveCfg = Release|Any CPU
		{86318DE4-D25D-499C-8FAB-3B6234CCD5D2}.Release|x86.Build.0 = Release|Any CPU
		{140A1E2B-83FA-4162-A983-963B912F4FC5}.Debug|Any CPU.ActiveCfg = Debug|Any CPU
		{140A1E2B-83FA-4162-A983-963B912F4FC5}.Debug|Any CPU.Build.0 = Debug|Any CPU
		{140A1E2B-83FA-4162-A983-963B912F4FC5}.Debug|x64.ActiveCfg = Debug|Any CPU
		{140A1E2B-83FA-4162-A983-963B912F4FC5}.Debug|x64.Build.0 = Debug|Any CPU
		{140A1E2B-83FA-4162-A983-963B912F4FC5}.Debug|x86.ActiveCfg = Debug|Any CPU
		{140A1E2B-83FA-4162-A983-963B912F4FC5}.Debug|x86.Build.0 = Debug|Any CPU
		{140A1E2B-83FA-4162-A983-963B912F4FC5}.Release|Any CPU.ActiveCfg = Release|Any CPU
		{140A1E2B-83FA-4162-A983-963B912F4FC5}.Release|Any CPU.Build.0 = Release|Any CPU
		{140A1E2B-83FA-4162-A983-963B912F4FC5}.Release|x64.ActiveCfg = Release|Any CPU
		{140A1E2B-83FA-4162-A983-963B912F4FC5}.Release|x64.Build.0 = Release|Any CPU
		{140A1E2B-83FA-4162-A983-963B912F4FC5}.Release|x86.ActiveCfg = Release|Any CPU
		{140A1E2B-83FA-4162-A983-963B912F4FC5}.Release|x86.Build.0 = Release|Any CPU
	EndGlobalSection
	GlobalSection(SolutionProperties) = preSolution
		HideSolutionNode = FALSE
	EndGlobalSection
	GlobalSection(NestedProjects) = preSolution
		{C6311A46-D481-43D2-8D34-19194B95BF33} = {CA253913-39DE-BFD0-C9A3-4B7EC6FBDF17}
		{6171C5A0-70CD-4BA8-A051-6D72EB042527} = {CA253913-39DE-BFD0-C9A3-4B7EC6FBDF17}
		{C380688E-B322-4EB7-9C76-8DE0DADBABCC} = {CA253913-39DE-BFD0-C9A3-4B7EC6FBDF17}
		{86318DE4-D25D-499C-8FAB-3B6234CCD5D2} = {CA253913-39DE-BFD0-C9A3-4B7EC6FBDF17}
		{140A1E2B-83FA-4162-A983-963B912F4FC5} = {CA253913-39DE-BFD0-C9A3-4B7EC6FBDF17}
	EndGlobalSection
EndGlobal
