
Microsoft Visual Studio Solution File, Format Version 12.00
# Visual Studio Version 17
VisualStudioVersion = 17.0.31903.59
MinimumVisualStudioVersion = 10.0.40219.1
Project("{FAE04EC0-301F-11D3-BF4B-00C04F79EFBC}") = "SmartQueue.Api", "SmartQueue.Api\SmartQueue.Api.csproj", "{6DFA4067-3CF6-4C2B-A0B0-36EE2E94ADA7}"
EndProject
Project("{2150E333-8FDC-42A3-9474-1A3956D46DE8}") = "Modules", "Modules", "{CA253913-39DE-BFD0-C9A3-4B7EC6FBDF17}"
EndProject
Project("{FAE04EC0-301F-11D3-BF4B-00C04F79EFBC}") = "SmartQueue.Test", "SmartQueue.Test\SmartQueue.Test.csproj", "{EF7C49A4-0E01-4C27-958A-739399CF6AFA}"
EndProject
Project("{2150E333-8FDC-42A3-9474-1A3956D46DE8}") = "Booking", "Booking", "{E786206D-41DF-7E7C-EFEE-0E57200D9493}"
EndProject
Project("{FAE04EC0-301F-11D3-BF4B-00C04F79EFBC}") = "Booking.Domain", "Modules\Booking\Booking.Domain\Booking.Domain.csproj", "{B763144E-7A7D-427C-B241-5483FA689F4C}"
EndProject
Project("{FAE04EC0-301F-11D3-BF4B-00C04F79EFBC}") = "Booking.Infrastructure", "Modules\Booking\Booking.Infrastructure\Booking.Infrastructure.csproj", "{31B747AA-7FB2-46C1-A565-A4BC20FBE796}"
EndProject
Project("{FAE04EC0-301F-11D3-BF4B-00C04F79EFBC}") = "Booking.Application", "Modules\Booking\Booking.Application\Booking.Application.csproj", "{801E3219-5525-4CFE-BEE1-5C5FEBB1337C}"
EndProject
Project("{2150E333-8FDC-42A3-9474-1A3956D46DE8}") = "Auth", "Auth", "{CEAC0979-DAB2-0E19-81EF-22AE32770578}"
EndProject
Project("{FAE04EC0-301F-11D3-BF4B-00C04F79EFBC}") = "Auth.Domain", "Modules\Auth\Auth.Domain\Auth.Domain.csproj", "{597DEF6C-8404-417E-BCA8-6DF465F622B5}"
EndProject
Project("{FAE04EC0-301F-11D3-BF4B-00C04F79EFBC}") = "Auth.Application", "Modules\Auth\Auth.Application\Auth.Application.csproj", "{DF21D40C-90F7-4E53-979F-2EDE4249ECB8}"
EndProject
Project("{FAE04EC0-301F-11D3-BF4B-00C04F79EFBC}") = "Auth.Infrastructure", "Modules\Auth\Auth.Infrastructure\Auth.Infrastructure.csproj", "{1E812A28-3774-4357-879F-837750E1AE05}"
EndProject
Project("{2150E333-8FDC-42A3-9474-1A3956D46DE8}") = "Business", "Business", "{B11BFFF4-0458-4FC6-C2C9-D076F2614CA1}"
EndProject
Project("{FAE04EC0-301F-11D3-BF4B-00C04F79EFBC}") = "Business.Domain", "Modules\Business\Business.Domain\Business.Domain.csproj", "{9CE95C37-8C07-4BB2-B54C-D1AEBF199641}"
EndProject
Project("{FAE04EC0-301F-11D3-BF4B-00C04F79EFBC}") = "Business.Infrastructure", "Modules\Business\Business.Infrastructure\Business.Infrastructure.csproj", "{763C6E61-DA03-4AD2-876B-60D5499AEA6F}"
EndProject
Project("{FAE04EC0-301F-11D3-BF4B-00C04F79EFBC}") = "Business.Application", "Modules\Business\Business.Application\Business.Application.csproj", "{3FD5352C-2C65-4C93-9DC2-93E98CC16C19}"
EndProject
Project("{2150E333-8FDC-42A3-9474-1A3956D46DE8}") = "Notification", "Notification", "{71BE00F0-B5FC-9745-C01A-A42F4D935C52}"
EndProject
Project("{FAE04EC0-301F-11D3-BF4B-00C04F79EFBC}") = "Notification.Domain", "Modules\Notification\Notification.Domain\Notification.Domain.csproj", "{E524924A-C14C-408F-8271-A7EBC7EA5BE7}"
EndProject
Project("{FAE04EC0-301F-11D3-BF4B-00C04F79EFBC}") = "Notification.Application", "Modules\Notification\Notification.Application\Notification.Application.csproj", "{35839E9D-514C-45EC-A79C-95F3A45B2B1E}"
EndProject
Project("{FAE04EC0-301F-11D3-BF4B-00C04F79EFBC}") = "Notification.Infrastructure", "Modules\Notification\Notification.Infrastructure\Notification.Infrastructure.csproj", "{385C987C-2004-46A3-86C8-5F7911AAEC37}"
EndProject
Project("{2150E333-8FDC-42A3-9474-1A3956D46DE8}") = "Queue", "Queue", "{14CC78A3-8E9E-4853-BB8E-0253D491B9F3}"
EndProject
Project("{FAE04EC0-301F-11D3-BF4B-00C04F79EFBC}") = "Queue.Domain", "Modules\Queue\Queue.Domain\Queue.Domain.csproj", "{5BD27F32-A486-4BD8-A490-79AA44B50483}"
EndProject
Project("{FAE04EC0-301F-11D3-BF4B-00C04F79EFBC}") = "Queue.Application", "Modules\Queue\Queue.Application\Queue.Application.csproj", "{8BC5D5EF-5F14-45DE-B6EC-C01596D967A2}"
EndProject
Project("{FAE04EC0-301F-11D3-BF4B-00C04F79EFBC}") = "Queue.Infrastructure", "Modules\Queue\Queue.Infrastructure\Queue.Infrastructure.csproj", "{FFEB81EA-69ED-4802-A8A8-6D84F3BCB705}"
EndProject
Global
	GlobalSection(SolutionConfigurationPlatforms) = preSolution
		Debug|Any CPU = Debug|Any CPU
		Debug|x64 = Debug|x64
		Debug|x86 = Debug|x86
		Release|Any CPU = Release|Any CPU
		Release|x64 = Release|x64
		Release|x86 = Release|x86
	EndGlobalSection
	GlobalSection(ProjectConfigurationPlatforms) = postSolution
		{6DFA4067-3CF6-4C2B-A0B0-36EE2E94ADA7}.Debug|Any CPU.ActiveCfg = Debug|Any CPU
		{6DFA4067-3CF6-4C2B-A0B0-36EE2E94ADA7}.Debug|Any CPU.Build.0 = Debug|Any CPU
		{6DFA4067-3CF6-4C2B-A0B0-36EE2E94ADA7}.Debug|x64.ActiveCfg = Debug|Any CPU
		{6DFA4067-3CF6-4C2B-A0B0-36EE2E94ADA7}.Debug|x64.Build.0 = Debug|Any CPU
		{6DFA4067-3CF6-4C2B-A0B0-36EE2E94ADA7}.Debug|x86.ActiveCfg = Debug|Any CPU
		{6DFA4067-3CF6-4C2B-A0B0-36EE2E94ADA7}.Debug|x86.Build.0 = Debug|Any CPU
		{6DFA4067-3CF6-4C2B-A0B0-36EE2E94ADA7}.Release|Any CPU.ActiveCfg = Release|Any CPU
		{6DFA4067-3CF6-4C2B-A0B0-36EE2E94ADA7}.Release|Any CPU.Build.0 = Release|Any CPU
		{6DFA4067-3CF6-4C2B-A0B0-36EE2E94ADA7}.Release|x64.ActiveCfg = Release|Any CPU
		{6DFA4067-3CF6-4C2B-A0B0-36EE2E94ADA7}.Release|x64.Build.0 = Release|Any CPU
		{6DFA4067-3CF6-4C2B-A0B0-36EE2E94ADA7}.Release|x86.ActiveCfg = Release|Any CPU
		{6DFA4067-3CF6-4C2B-A0B0-36EE2E94ADA7}.Release|x86.Build.0 = Release|Any CPU
		{EF7C49A4-0E01-4C27-958A-739399CF6AFA}.Debug|Any CPU.ActiveCfg = Debug|Any CPU
		{EF7C49A4-0E01-4C27-958A-739399CF6AFA}.Debug|Any CPU.Build.0 = Debug|Any CPU
		{EF7C49A4-0E01-4C27-958A-739399CF6AFA}.Debug|x64.ActiveCfg = Debug|Any CPU
		{EF7C49A4-0E01-4C27-958A-739399CF6AFA}.Debug|x64.Build.0 = Debug|Any CPU
		{EF7C49A4-0E01-4C27-958A-739399CF6AFA}.Debug|x86.ActiveCfg = Debug|Any CPU
		{EF7C49A4-0E01-4C27-958A-739399CF6AFA}.Debug|x86.Build.0 = Debug|Any CPU
		{EF7C49A4-0E01-4C27-958A-739399CF6AFA}.Release|Any CPU.ActiveCfg = Release|Any CPU
		{EF7C49A4-0E01-4C27-958A-739399CF6AFA}.Release|Any CPU.Build.0 = Release|Any CPU
		{EF7C49A4-0E01-4C27-958A-739399CF6AFA}.Release|x64.ActiveCfg = Release|Any CPU
		{EF7C49A4-0E01-4C27-958A-739399CF6AFA}.Release|x64.Build.0 = Release|Any CPU
		{EF7C49A4-0E01-4C27-958A-739399CF6AFA}.Release|x86.ActiveCfg = Release|Any CPU
		{EF7C49A4-0E01-4C27-958A-739399CF6AFA}.Release|x86.Build.0 = Release|Any CPU
		{B763144E-7A7D-427C-B241-5483FA689F4C}.Debug|Any CPU.ActiveCfg = Debug|Any CPU
		{B763144E-7A7D-427C-B241-5483FA689F4C}.Debug|Any CPU.Build.0 = Debug|Any CPU
		{B763144E-7A7D-427C-B241-5483FA689F4C}.Debug|x64.ActiveCfg = Debug|Any CPU
		{B763144E-7A7D-427C-B241-5483FA689F4C}.Debug|x64.Build.0 = Debug|Any CPU
		{B763144E-7A7D-427C-B241-5483FA689F4C}.Debug|x86.ActiveCfg = Debug|Any CPU
		{B763144E-7A7D-427C-B241-5483FA689F4C}.Debug|x86.Build.0 = Debug|Any CPU
		{B763144E-7A7D-427C-B241-5483FA689F4C}.Release|Any CPU.ActiveCfg = Release|Any CPU
		{B763144E-7A7D-427C-B241-5483FA689F4C}.Release|Any CPU.Build.0 = Release|Any CPU
		{B763144E-7A7D-427C-B241-5483FA689F4C}.Release|x64.ActiveCfg = Release|Any CPU
		{B763144E-7A7D-427C-B241-5483FA689F4C}.Release|x64.Build.0 = Release|Any CPU
		{B763144E-7A7D-427C-B241-5483FA689F4C}.Release|x86.ActiveCfg = Release|Any CPU
		{B763144E-7A7D-427C-B241-5483FA689F4C}.Release|x86.Build.0 = Release|Any CPU
		{31B747AA-7FB2-46C1-A565-A4BC20FBE796}.Debug|Any CPU.ActiveCfg = Debug|Any CPU
		{31B747AA-7FB2-46C1-A565-A4BC20FBE796}.Debug|Any CPU.Build.0 = Debug|Any CPU
		{31B747AA-7FB2-46C1-A565-A4BC20FBE796}.Debug|x64.ActiveCfg = Debug|Any CPU
		{31B747AA-7FB2-46C1-A565-A4BC20FBE796}.Debug|x64.Build.0 = Debug|Any CPU
		{31B747AA-7FB2-46C1-A565-A4BC20FBE796}.Debug|x86.ActiveCfg = Debug|Any CPU
		{31B747AA-7FB2-46C1-A565-A4BC20FBE796}.Debug|x86.Build.0 = Debug|Any CPU
		{31B747AA-7FB2-46C1-A565-A4BC20FBE796}.Release|Any CPU.ActiveCfg = Release|Any CPU
		{31B747AA-7FB2-46C1-A565-A4BC20FBE796}.Release|Any CPU.Build.0 = Release|Any CPU
		{31B747AA-7FB2-46C1-A565-A4BC20FBE796}.Release|x64.ActiveCfg = Release|Any CPU
		{31B747AA-7FB2-46C1-A565-A4BC20FBE796}.Release|x64.Build.0 = Release|Any CPU
		{31B747AA-7FB2-46C1-A565-A4BC20FBE796}.Release|x86.ActiveCfg = Release|Any CPU
		{31B747AA-7FB2-46C1-A565-A4BC20FBE796}.Release|x86.Build.0 = Release|Any CPU
		{801E3219-5525-4CFE-BEE1-5C5FEBB1337C}.Debug|Any CPU.ActiveCfg = Debug|Any CPU
		{801E3219-5525-4CFE-BEE1-5C5FEBB1337C}.Debug|Any CPU.Build.0 = Debug|Any CPU
		{801E3219-5525-4CFE-BEE1-5C5FEBB1337C}.Debug|x64.ActiveCfg = Debug|Any CPU
		{801E3219-5525-4CFE-BEE1-5C5FEBB1337C}.Debug|x64.Build.0 = Debug|Any CPU
		{801E3219-5525-4CFE-BEE1-5C5FEBB1337C}.Debug|x86.ActiveCfg = Debug|Any CPU
		{801E3219-5525-4CFE-BEE1-5C5FEBB1337C}.Debug|x86.Build.0 = Debug|Any CPU
		{801E3219-5525-4CFE-BEE1-5C5FEBB1337C}.Release|Any CPU.ActiveCfg = Release|Any CPU
		{801E3219-5525-4CFE-BEE1-5C5FEBB1337C}.Release|Any CPU.Build.0 = Release|Any CPU
		{801E3219-5525-4CFE-BEE1-5C5FEBB1337C}.Release|x64.ActiveCfg = Release|Any CPU
		{801E3219-5525-4CFE-BEE1-5C5FEBB1337C}.Release|x64.Build.0 = Release|Any CPU
		{801E3219-5525-4CFE-BEE1-5C5FEBB1337C}.Release|x86.ActiveCfg = Release|Any CPU
		{801E3219-5525-4CFE-BEE1-5C5FEBB1337C}.Release|x86.Build.0 = Release|Any CPU
		{597DEF6C-8404-417E-BCA8-6DF465F622B5}.Debug|Any CPU.ActiveCfg = Debug|Any CPU
		{597DEF6C-8404-417E-BCA8-6DF465F622B5}.Debug|Any CPU.Build.0 = Debug|Any CPU
		{597DEF6C-8404-417E-BCA8-6DF465F622B5}.Debug|x64.ActiveCfg = Debug|Any CPU
		{597DEF6C-8404-417E-BCA8-6DF465F622B5}.Debug|x64.Build.0 = Debug|Any CPU
		{597DEF6C-8404-417E-BCA8-6DF465F622B5}.Debug|x86.ActiveCfg = Debug|Any CPU
		{597DEF6C-8404-417E-BCA8-6DF465F622B5}.Debug|x86.Build.0 = Debug|Any CPU
		{597DEF6C-8404-417E-BCA8-6DF465F622B5}.Release|Any CPU.ActiveCfg = Release|Any CPU
		{597DEF6C-8404-417E-BCA8-6DF465F622B5}.Release|Any CPU.Build.0 = Release|Any CPU
		{597DEF6C-8404-417E-BCA8-6DF465F622B5}.Release|x64.ActiveCfg = Release|Any CPU
		{597DEF6C-8404-417E-BCA8-6DF465F622B5}.Release|x64.Build.0 = Release|Any CPU
		{597DEF6C-8404-417E-BCA8-6DF465F622B5}.Release|x86.ActiveCfg = Release|Any CPU
		{597DEF6C-8404-417E-BCA8-6DF465F622B5}.Release|x86.Build.0 = Release|Any CPU
		{DF21D40C-90F7-4E53-979F-2EDE4249ECB8}.Debug|Any CPU.ActiveCfg = Debug|Any CPU
		{DF21D40C-90F7-4E53-979F-2EDE4249ECB8}.Debug|Any CPU.Build.0 = Debug|Any CPU
		{DF21D40C-90F7-4E53-979F-2EDE4249ECB8}.Debug|x64.ActiveCfg = Debug|Any CPU
		{DF21D40C-90F7-4E53-979F-2EDE4249ECB8}.Debug|x64.Build.0 = Debug|Any CPU
		{DF21D40C-90F7-4E53-979F-2EDE4249ECB8}.Debug|x86.ActiveCfg = Debug|Any CPU
		{DF21D40C-90F7-4E53-979F-2EDE4249ECB8}.Debug|x86.Build.0 = Debug|Any CPU
		{DF21D40C-90F7-4E53-979F-2EDE4249ECB8}.Release|Any CPU.ActiveCfg = Release|Any CPU
		{DF21D40C-90F7-4E53-979F-2EDE4249ECB8}.Release|Any CPU.Build.0 = Release|Any CPU
		{DF21D40C-90F7-4E53-979F-2EDE4249ECB8}.Release|x64.ActiveCfg = Release|Any CPU
		{DF21D40C-90F7-4E53-979F-2EDE4249ECB8}.Release|x64.Build.0 = Release|Any CPU
		{DF21D40C-90F7-4E53-979F-2EDE4249ECB8}.Release|x86.ActiveCfg = Release|Any CPU
		{DF21D40C-90F7-4E53-979F-2EDE4249ECB8}.Release|x86.Build.0 = Release|Any CPU
		{1E812A28-3774-4357-879F-837750E1AE05}.Debug|Any CPU.ActiveCfg = Debug|Any CPU
		{1E812A28-3774-4357-879F-837750E1AE05}.Debug|Any CPU.Build.0 = Debug|Any CPU
		{1E812A28-3774-4357-879F-837750E1AE05}.Debug|x64.ActiveCfg = Debug|Any CPU
		{1E812A28-3774-4357-879F-837750E1AE05}.Debug|x64.Build.0 = Debug|Any CPU
		{1E812A28-3774-4357-879F-837750E1AE05}.Debug|x86.ActiveCfg = Debug|Any CPU
		{1E812A28-3774-4357-879F-837750E1AE05}.Debug|x86.Build.0 = Debug|Any CPU
		{1E812A28-3774-4357-879F-837750E1AE05}.Release|Any CPU.ActiveCfg = Release|Any CPU
		{1E812A28-3774-4357-879F-837750E1AE05}.Release|Any CPU.Build.0 = Release|Any CPU
		{1E812A28-3774-4357-879F-837750E1AE05}.Release|x64.ActiveCfg = Release|Any CPU
		{1E812A28-3774-4357-879F-837750E1AE05}.Release|x64.Build.0 = Release|Any CPU
		{1E812A28-3774-4357-879F-837750E1AE05}.Release|x86.ActiveCfg = Release|Any CPU
		{1E812A28-3774-4357-879F-837750E1AE05}.Release|x86.Build.0 = Release|Any CPU
		{9CE95C37-8C07-4BB2-B54C-D1AEBF199641}.Debug|Any CPU.ActiveCfg = Debug|Any CPU
		{9CE95C37-8C07-4BB2-B54C-D1AEBF199641}.Debug|Any CPU.Build.0 = Debug|Any CPU
		{9CE95C37-8C07-4BB2-B54C-D1AEBF199641}.Debug|x64.ActiveCfg = Debug|Any CPU
		{9CE95C37-8C07-4BB2-B54C-D1AEBF199641}.Debug|x64.Build.0 = Debug|Any CPU
		{9CE95C37-8C07-4BB2-B54C-D1AEBF199641}.Debug|x86.ActiveCfg = Debug|Any CPU
		{9CE95C37-8C07-4BB2-B54C-D1AEBF199641}.Debug|x86.Build.0 = Debug|Any CPU
		{9CE95C37-8C07-4BB2-B54C-D1AEBF199641}.Release|Any CPU.ActiveCfg = Release|Any CPU
		{9CE95C37-8C07-4BB2-B54C-D1AEBF199641}.Release|Any CPU.Build.0 = Release|Any CPU
		{9CE95C37-8C07-4BB2-B54C-D1AEBF199641}.Release|x64.ActiveCfg = Release|Any CPU
		{9CE95C37-8C07-4BB2-B54C-D1AEBF199641}.Release|x64.Build.0 = Release|Any CPU
		{9CE95C37-8C07-4BB2-B54C-D1AEBF199641}.Release|x86.ActiveCfg = Release|Any CPU
		{9CE95C37-8C07-4BB2-B54C-D1AEBF199641}.Release|x86.Build.0 = Release|Any CPU
		{763C6E61-DA03-4AD2-876B-60D5499AEA6F}.Debug|Any CPU.ActiveCfg = Debug|Any CPU
		{763C6E61-DA03-4AD2-876B-60D5499AEA6F}.Debug|Any CPU.Build.0 = Debug|Any CPU
		{763C6E61-DA03-4AD2-876B-60D5499AEA6F}.Debug|x64.ActiveCfg = Debug|Any CPU
		{763C6E61-DA03-4AD2-876B-60D5499AEA6F}.Debug|x64.Build.0 = Debug|Any CPU
		{763C6E61-DA03-4AD2-876B-60D5499AEA6F}.Debug|x86.ActiveCfg = Debug|Any CPU
		{763C6E61-DA03-4AD2-876B-60D5499AEA6F}.Debug|x86.Build.0 = Debug|Any CPU
		{763C6E61-DA03-4AD2-876B-60D5499AEA6F}.Release|Any CPU.ActiveCfg = Release|Any CPU
		{763C6E61-DA03-4AD2-876B-60D5499AEA6F}.Release|Any CPU.Build.0 = Release|Any CPU
		{763C6E61-DA03-4AD2-876B-60D5499AEA6F}.Release|x64.ActiveCfg = Release|Any CPU
		{763C6E61-DA03-4AD2-876B-60D5499AEA6F}.Release|x64.Build.0 = Release|Any CPU
		{763C6E61-DA03-4AD2-876B-60D5499AEA6F}.Release|x86.ActiveCfg = Release|Any CPU
		{763C6E61-DA03-4AD2-876B-60D5499AEA6F}.Release|x86.Build.0 = Release|Any CPU
		{3FD5352C-2C65-4C93-9DC2-93E98CC16C19}.Debug|Any CPU.ActiveCfg = Debug|Any CPU
		{3FD5352C-2C65-4C93-9DC2-93E98CC16C19}.Debug|Any CPU.Build.0 = Debug|Any CPU
		{3FD5352C-2C65-4C93-9DC2-93E98CC16C19}.Debug|x64.ActiveCfg = Debug|Any CPU
		{3FD5352C-2C65-4C93-9DC2-93E98CC16C19}.Debug|x64.Build.0 = Debug|Any CPU
		{3FD5352C-2C65-4C93-9DC2-93E98CC16C19}.Debug|x86.ActiveCfg = Debug|Any CPU
		{3FD5352C-2C65-4C93-9DC2-93E98CC16C19}.Debug|x86.Build.0 = Debug|Any CPU
		{3FD5352C-2C65-4C93-9DC2-93E98CC16C19}.Release|Any CPU.ActiveCfg = Release|Any CPU
		{3FD5352C-2C65-4C93-9DC2-93E98CC16C19}.Release|Any CPU.Build.0 = Release|Any CPU
		{3FD5352C-2C65-4C93-9DC2-93E98CC16C19}.Release|x64.ActiveCfg = Release|Any CPU
		{3FD5352C-2C65-4C93-9DC2-93E98CC16C19}.Release|x64.Build.0 = Release|Any CPU
		{3FD5352C-2C65-4C93-9DC2-93E98CC16C19}.Release|x86.ActiveCfg = Release|Any CPU
		{3FD5352C-2C65-4C93-9DC2-93E98CC16C19}.Release|x86.Build.0 = Release|Any CPU
		{E524924A-C14C-408F-8271-A7EBC7EA5BE7}.Debug|Any CPU.ActiveCfg = Debug|Any CPU
		{E524924A-C14C-408F-8271-A7EBC7EA5BE7}.Debug|Any CPU.Build.0 = Debug|Any CPU
		{E524924A-C14C-408F-8271-A7EBC7EA5BE7}.Debug|x64.ActiveCfg = Debug|Any CPU
		{E524924A-C14C-408F-8271-A7EBC7EA5BE7}.Debug|x64.Build.0 = Debug|Any CPU
		{E524924A-C14C-408F-8271-A7EBC7EA5BE7}.Debug|x86.ActiveCfg = Debug|Any CPU
		{E524924A-C14C-408F-8271-A7EBC7EA5BE7}.Debug|x86.Build.0 = Debug|Any CPU
		{E524924A-C14C-408F-8271-A7EBC7EA5BE7}.Release|Any CPU.ActiveCfg = Release|Any CPU
		{E524924A-C14C-408F-8271-A7EBC7EA5BE7}.Release|Any CPU.Build.0 = Release|Any CPU
		{E524924A-C14C-408F-8271-A7EBC7EA5BE7}.Release|x64.ActiveCfg = Release|Any CPU
		{E524924A-C14C-408F-8271-A7EBC7EA5BE7}.Release|x64.Build.0 = Release|Any CPU
		{E524924A-C14C-408F-8271-A7EBC7EA5BE7}.Release|x86.ActiveCfg = Release|Any CPU
		{E524924A-C14C-408F-8271-A7EBC7EA5BE7}.Release|x86.Build.0 = Release|Any CPU
		{35839E9D-514C-45EC-A79C-95F3A45B2B1E}.Debug|Any CPU.ActiveCfg = Debug|Any CPU
		{35839E9D-514C-45EC-A79C-95F3A45B2B1E}.Debug|Any CPU.Build.0 = Debug|Any CPU
		{35839E9D-514C-45EC-A79C-95F3A45B2B1E}.Debug|x64.ActiveCfg = Debug|Any CPU
		{35839E9D-514C-45EC-A79C-95F3A45B2B1E}.Debug|x64.Build.0 = Debug|Any CPU
		{35839E9D-514C-45EC-A79C-95F3A45B2B1E}.Debug|x86.ActiveCfg = Debug|Any CPU
		{35839E9D-514C-45EC-A79C-95F3A45B2B1E}.Debug|x86.Build.0 = Debug|Any CPU
		{35839E9D-514C-45EC-A79C-95F3A45B2B1E}.Release|Any CPU.ActiveCfg = Release|Any CPU
		{35839E9D-514C-45EC-A79C-95F3A45B2B1E}.Release|Any CPU.Build.0 = Release|Any CPU
		{35839E9D-514C-45EC-A79C-95F3A45B2B1E}.Release|x64.ActiveCfg = Release|Any CPU
		{35839E9D-514C-45EC-A79C-95F3A45B2B1E}.Release|x64.Build.0 = Release|Any CPU
		{35839E9D-514C-45EC-A79C-95F3A45B2B1E}.Release|x86.ActiveCfg = Release|Any CPU
		{35839E9D-514C-45EC-A79C-95F3A45B2B1E}.Release|x86.Build.0 = Release|Any CPU
		{385C987C-2004-46A3-86C8-5F7911AAEC37}.Debug|Any CPU.ActiveCfg = Debug|Any CPU
		{385C987C-2004-46A3-86C8-5F7911AAEC37}.Debug|Any CPU.Build.0 = Debug|Any CPU
		{385C987C-2004-46A3-86C8-5F7911AAEC37}.Debug|x64.ActiveCfg = Debug|Any CPU
		{385C987C-2004-46A3-86C8-5F7911AAEC37}.Debug|x64.Build.0 = Debug|Any CPU
		{385C987C-2004-46A3-86C8-5F7911AAEC37}.Debug|x86.ActiveCfg = Debug|Any CPU
		{385C987C-2004-46A3-86C8-5F7911AAEC37}.Debug|x86.Build.0 = Debug|Any CPU
		{385C987C-2004-46A3-86C8-5F7911AAEC37}.Release|Any CPU.ActiveCfg = Release|Any CPU
		{385C987C-2004-46A3-86C8-5F7911AAEC37}.Release|Any CPU.Build.0 = Release|Any CPU
		{385C987C-2004-46A3-86C8-5F7911AAEC37}.Release|x64.ActiveCfg = Release|Any CPU
		{385C987C-2004-46A3-86C8-5F7911AAEC37}.Release|x64.Build.0 = Release|Any CPU
		{385C987C-2004-46A3-86C8-5F7911AAEC37}.Release|x86.ActiveCfg = Release|Any CPU
		{385C987C-2004-46A3-86C8-5F7911AAEC37}.Release|x86.Build.0 = Release|Any CPU
		{5BD27F32-A486-4BD8-A490-79AA44B50483}.Debug|Any CPU.ActiveCfg = Debug|Any CPU
		{5BD27F32-A486-4BD8-A490-79AA44B50483}.Debug|Any CPU.Build.0 = Debug|Any CPU
		{5BD27F32-A486-4BD8-A490-79AA44B50483}.Debug|x64.ActiveCfg = Debug|Any CPU
		{5BD27F32-A486-4BD8-A490-79AA44B50483}.Debug|x64.Build.0 = Debug|Any CPU
		{5BD27F32-A486-4BD8-A490-79AA44B50483}.Debug|x86.ActiveCfg = Debug|Any CPU
		{5BD27F32-A486-4BD8-A490-79AA44B50483}.Debug|x86.Build.0 = Debug|Any CPU
		{5BD27F32-A486-4BD8-A490-79AA44B50483}.Release|Any CPU.ActiveCfg = Release|Any CPU
		{5BD27F32-A486-4BD8-A490-79AA44B50483}.Release|Any CPU.Build.0 = Release|Any CPU
		{5BD27F32-A486-4BD8-A490-79AA44B50483}.Release|x64.ActiveCfg = Release|Any CPU
		{5BD27F32-A486-4BD8-A490-79AA44B50483}.Release|x64.Build.0 = Release|Any CPU
		{5BD27F32-A486-4BD8-A490-79AA44B50483}.Release|x86.ActiveCfg = Release|Any CPU
		{5BD27F32-A486-4BD8-A490-79AA44B50483}.Release|x86.Build.0 = Release|Any CPU
		{8BC5D5EF-5F14-45DE-B6EC-C01596D967A2}.Debug|Any CPU.ActiveCfg = Debug|Any CPU
		{8BC5D5EF-5F14-45DE-B6EC-C01596D967A2}.Debug|Any CPU.Build.0 = Debug|Any CPU
		{8BC5D5EF-5F14-45DE-B6EC-C01596D967A2}.Debug|x64.ActiveCfg = Debug|Any CPU
		{8BC5D5EF-5F14-45DE-B6EC-C01596D967A2}.Debug|x64.Build.0 = Debug|Any CPU
		{8BC5D5EF-5F14-45DE-B6EC-C01596D967A2}.Debug|x86.ActiveCfg = Debug|Any CPU
		{8BC5D5EF-5F14-45DE-B6EC-C01596D967A2}.Debug|x86.Build.0 = Debug|Any CPU
		{8BC5D5EF-5F14-45DE-B6EC-C01596D967A2}.Release|Any CPU.ActiveCfg = Release|Any CPU
		{8BC5D5EF-5F14-45DE-B6EC-C01596D967A2}.Release|Any CPU.Build.0 = Release|Any CPU
		{8BC5D5EF-5F14-45DE-B6EC-C01596D967A2}.Release|x64.ActiveCfg = Release|Any CPU
		{8BC5D5EF-5F14-45DE-B6EC-C01596D967A2}.Release|x64.Build.0 = Release|Any CPU
		{8BC5D5EF-5F14-45DE-B6EC-C01596D967A2}.Release|x86.ActiveCfg = Release|Any CPU
		{8BC5D5EF-5F14-45DE-B6EC-C01596D967A2}.Release|x86.Build.0 = Release|Any CPU
		{FFEB81EA-69ED-4802-A8A8-6D84F3BCB705}.Debug|Any CPU.ActiveCfg = Debug|Any CPU
		{FFEB81EA-69ED-4802-A8A8-6D84F3BCB705}.Debug|Any CPU.Build.0 = Debug|Any CPU
		{FFEB81EA-69ED-4802-A8A8-6D84F3BCB705}.Debug|x64.ActiveCfg = Debug|Any CPU
		{FFEB81EA-69ED-4802-A8A8-6D84F3BCB705}.Debug|x64.Build.0 = Debug|Any CPU
		{FFEB81EA-69ED-4802-A8A8-6D84F3BCB705}.Debug|x86.ActiveCfg = Debug|Any CPU
		{FFEB81EA-69ED-4802-A8A8-6D84F3BCB705}.Debug|x86.Build.0 = Debug|Any CPU
		{FFEB81EA-69ED-4802-A8A8-6D84F3BCB705}.Release|Any CPU.ActiveCfg = Release|Any CPU
		{FFEB81EA-69ED-4802-A8A8-6D84F3BCB705}.Release|Any CPU.Build.0 = Release|Any CPU
		{FFEB81EA-69ED-4802-A8A8-6D84F3BCB705}.Release|x64.ActiveCfg = Release|Any CPU
		{FFEB81EA-69ED-4802-A8A8-6D84F3BCB705}.Release|x64.Build.0 = Release|Any CPU
		{FFEB81EA-69ED-4802-A8A8-6D84F3BCB705}.Release|x86.ActiveCfg = Release|Any CPU
		{FFEB81EA-69ED-4802-A8A8-6D84F3BCB705}.Release|x86.Build.0 = Release|Any CPU
	EndGlobalSection
	GlobalSection(SolutionProperties) = preSolution
		HideSolutionNode = FALSE
	EndGlobalSection
	GlobalSection(NestedProjects) = preSolution
		{E786206D-41DF-7E7C-EFEE-0E57200D9493} = {CA253913-39DE-BFD0-C9A3-4B7EC6FBDF17}
		{B763144E-7A7D-427C-B241-5483FA689F4C} = {E786206D-41DF-7E7C-EFEE-0E57200D9493}
		{31B747AA-7FB2-46C1-A565-A4BC20FBE796} = {E786206D-41DF-7E7C-EFEE-0E57200D9493}
		{801E3219-5525-4CFE-BEE1-5C5FEBB1337C} = {E786206D-41DF-7E7C-EFEE-0E57200D9493}
		{CEAC0979-DAB2-0E19-81EF-22AE32770578} = {CA253913-39DE-BFD0-C9A3-4B7EC6FBDF17}
		{597DEF6C-8404-417E-BCA8-6DF465F622B5} = {CEAC0979-DAB2-0E19-81EF-22AE32770578}
		{DF21D40C-90F7-4E53-979F-2EDE4249ECB8} = {CEAC0979-DAB2-0E19-81EF-22AE32770578}
		{1E812A28-3774-4357-879F-837750E1AE05} = {CEAC0979-DAB2-0E19-81EF-22AE32770578}
		{B11BFFF4-0458-4FC6-C2C9-D076F2614CA1} = {CA253913-39DE-BFD0-C9A3-4B7EC6FBDF17}
		{9CE95C37-8C07-4BB2-B54C-D1AEBF199641} = {B11BFFF4-0458-4FC6-C2C9-D076F2614CA1}
		{763C6E61-DA03-4AD2-876B-60D5499AEA6F} = {B11BFFF4-0458-4FC6-C2C9-D076F2614CA1}
		{3FD5352C-2C65-4C93-9DC2-93E98CC16C19} = {B11BFFF4-0458-4FC6-C2C9-D076F2614CA1}
		{71BE00F0-B5FC-9745-C01A-A42F4D935C52} = {CA253913-39DE-BFD0-C9A3-4B7EC6FBDF17}
		{E524924A-C14C-408F-8271-A7EBC7EA5BE7} = {71BE00F0-B5FC-9745-C01A-A42F4D935C52}
		{35839E9D-514C-45EC-A79C-95F3A45B2B1E} = {71BE00F0-B5FC-9745-C01A-A42F4D935C52}
		{385C987C-2004-46A3-86C8-5F7911AAEC37} = {71BE00F0-B5FC-9745-C01A-A42F4D935C52}
		{14CC78A3-8E9E-4853-BB8E-0253D491B9F3} = {CA253913-39DE-BFD0-C9A3-4B7EC6FBDF17}
		{5BD27F32-A486-4BD8-A490-79AA44B50483} = {14CC78A3-8E9E-4853-BB8E-0253D491B9F3}
		{8BC5D5EF-5F14-45DE-B6EC-C01596D967A2} = {14CC78A3-8E9E-4853-BB8E-0253D491B9F3}
		{FFEB81EA-69ED-4802-A8A8-6D84F3BCB705} = {14CC78A3-8E9E-4853-BB8E-0253D491B9F3}
	EndGlobalSection
EndGlobal
